
Microsoft Visual Studio Solution File, Format Version 11.00
# Visual Studio 2010
Project("{FAE04EC0-301F-11D3-BF4B-00C04F79EFBC}") = "IPCommon", "IPCommon\IPCommon.csproj", "{86B4880A-A34B-4E01-B206-A1D9F2790CC2}"
EndProject
Project("{FAE04EC0-301F-11D3-BF4B-00C04F79EFBC}") = "IPCommonTests", "IPCommonTests\IPCommonTests.csproj", "{8049636B-A70D-4981-9A50-7EFFD0615654}"
	ProjectSection(ProjectDependencies) = postProject
		{86B4880A-A34B-4E01-B206-A1D9F2790CC2} = {86B4880A-A34B-4E01-B206-A1D9F2790CC2}
	EndProjectSection
EndProject
Global
	GlobalSection(SolutionConfigurationPlatforms) = preSolution
		Debug|Any CPU = Debug|Any CPU
		Release|Any CPU = Release|Any CPU
	EndGlobalSection
	GlobalSection(ProjectConfigurationPlatforms) = postSolution
		{86B4880A-A34B-4E01-B206-A1D9F2790CC2}.Debug|Any CPU.ActiveCfg = Debug|Any CPU
		{86B4880A-A34B-4E01-B206-A1D9F2790CC2}.Debug|Any CPU.Build.0 = Debug|Any CPU
		{86B4880A-A34B-4E01-B206-A1D9F2790CC2}.Release|Any CPU.ActiveCfg = Release|Any CPU
		{86B4880A-A34B-4E01-B206-A1D9F2790CC2}.Release|Any CPU.Build.0 = Release|Any CPU
		{8049636B-A70D-4981-9A50-7EFFD0615654}.Debug|Any CPU.ActiveCfg = Debug|Any CPU
		{8049636B-A70D-4981-9A50-7EFFD0615654}.Debug|Any CPU.Build.0 = Debug|Any CPU
		{8049636B-A70D-4981-9A50-7EFFD0615654}.Release|Any CPU.ActiveCfg = Release|Any CPU
		{8049636B-A70D-4981-9A50-7EFFD0615654}.Release|Any CPU.Build.0 = Release|Any CPU
	EndGlobalSection
	GlobalSection(SolutionProperties) = preSolution
		HideSolutionNode = FALSE
	EndGlobalSection
EndGlobal
